// !$*UTF8*$!
{
	archiveVersion = 1;
	classes = {
	};
	objectVersion = 50;
	objects = {

/* Begin PBXBuildFile section */
		0AE2F31F24302662006F14E1 /* LoginViewController.swift in Sources */ = {isa = PBXBuildFile; fileRef = 0AE2F31E24302662006F14E1 /* LoginViewController.swift */; };
		0AE2F321243026E6006F14E1 /* SigninViewController.swift in Sources */ = {isa = PBXBuildFile; fileRef = 0AE2F320243026E6006F14E1 /* SigninViewController.swift */; };
		0AE2F32324302827006F14E1 /* ProfileViewController.swift in Sources */ = {isa = PBXBuildFile; fileRef = 0AE2F32224302827006F14E1 /* ProfileViewController.swift */; };
		0AE2F32524302867006F14E1 /* FridgeViewController.swift in Sources */ = {isa = PBXBuildFile; fileRef = 0AE2F32424302867006F14E1 /* FridgeViewController.swift */; };
		0AE2F32724302875006F14E1 /* ScannerViewController.swift in Sources */ = {isa = PBXBuildFile; fileRef = 0AE2F32624302875006F14E1 /* ScannerViewController.swift */; };
		9EB3FF1724354E6800BA0F39 /* AppDelegate.swift in Sources */ = {isa = PBXBuildFile; fileRef = 9EB3FF1624354E6800BA0F39 /* AppDelegate.swift */; };
		9EB3FF1A24354E7500BA0F39 /* appetit.xcdatamodeld in Sources */ = {isa = PBXBuildFile; fileRef = 9EB3FF1824354E7400BA0F39 /* appetit.xcdatamodeld */; };
		9EB3FF222435611100BA0F39 /* MessageHandler.swift in Sources */ = {isa = PBXBuildFile; fileRef = 9EB3FF212435611100BA0F39 /* MessageHandler.swift */; };
		9EB3FF26243568B700BA0F39 /* VirtualFrdigeAPI.swift in Sources */ = {isa = PBXBuildFile; fileRef = 9EB3FF25243568B700BA0F39 /* VirtualFrdigeAPI.swift */; };
		9EE12038242FC0E8005885C5 /* mainViewController.swift in Sources */ = {isa = PBXBuildFile; fileRef = 9EE12037242FC0E8005885C5 /* mainViewController.swift */; };
		9EE1203A242FC17F005885C5 /* DataHandler.swift in Sources */ = {isa = PBXBuildFile; fileRef = 9EE12039242FC17F005885C5 /* DataHandler.swift */; };
		9EE1203C242FC1BE005885C5 /* UserAPI.swift in Sources */ = {isa = PBXBuildFile; fileRef = 9EE1203B242FC1BE005885C5 /* UserAPI.swift */; };
		9EE1203E242FC298005885C5 /* resource.strings in Resources */ = {isa = PBXBuildFile; fileRef = 9EE1203D242FC298005885C5 /* resource.strings */; };
		9EE1EFF2242F389F0047352B /* SceneDelegate.swift in Sources */ = {isa = PBXBuildFile; fileRef = 9EE1EFF1242F389F0047352B /* SceneDelegate.swift */; };
		9EE1EFF4242F389F0047352B /* ViewController.swift in Sources */ = {isa = PBXBuildFile; fileRef = 9EE1EFF3242F389F0047352B /* ViewController.swift */; };
		9EE1EFF7242F389F0047352B /* Main.storyboard in Resources */ = {isa = PBXBuildFile; fileRef = 9EE1EFF5242F389F0047352B /* Main.storyboard */; };
		9EE1EFF9242F38A20047352B /* Assets.xcassets in Resources */ = {isa = PBXBuildFile; fileRef = 9EE1EFF8242F38A20047352B /* Assets.xcassets */; };
		9EE1EFFC242F38A20047352B /* LaunchScreen.storyboard in Resources */ = {isa = PBXBuildFile; fileRef = 9EE1EFFA242F38A20047352B /* LaunchScreen.storyboard */; };
/* End PBXBuildFile section */

/* Begin PBXFileReference section */
		0AE2F31E24302662006F14E1 /* LoginViewController.swift */ = {isa = PBXFileReference; lastKnownFileType = sourcecode.swift; path = LoginViewController.swift; sourceTree = "<group>"; };
		0AE2F320243026E6006F14E1 /* SigninViewController.swift */ = {isa = PBXFileReference; lastKnownFileType = sourcecode.swift; path = SigninViewController.swift; sourceTree = "<group>"; };
		0AE2F32224302827006F14E1 /* ProfileViewController.swift */ = {isa = PBXFileReference; lastKnownFileType = sourcecode.swift; path = ProfileViewController.swift; sourceTree = "<group>"; };
		0AE2F32424302867006F14E1 /* FridgeViewController.swift */ = {isa = PBXFileReference; lastKnownFileType = sourcecode.swift; path = FridgeViewController.swift; sourceTree = "<group>"; };
		0AE2F32624302875006F14E1 /* ScannerViewController.swift */ = {isa = PBXFileReference; lastKnownFileType = sourcecode.swift; path = ScannerViewController.swift; sourceTree = "<group>"; };
		9EB3FF1624354E6800BA0F39 /* AppDelegate.swift */ = {isa = PBXFileReference; fileEncoding = 4; lastKnownFileType = sourcecode.swift; path = AppDelegate.swift; sourceTree = "<group>"; };
		9EB3FF1924354E7400BA0F39 /* appetit.xcdatamodel */ = {isa = PBXFileReference; lastKnownFileType = wrapper.xcdatamodel; path = appetit.xcdatamodel; sourceTree = "<group>"; };
		9EB3FF212435611100BA0F39 /* MessageHandler.swift */ = {isa = PBXFileReference; lastKnownFileType = sourcecode.swift; name = MessageHandler.swift; path = ../../../../MessageHandler.swift; sourceTree = "<group>"; };
		9EB3FF25243568B700BA0F39 /* VirtualFrdigeAPI.swift */ = {isa = PBXFileReference; lastKnownFileType = sourcecode.swift; name = VirtualFrdigeAPI.swift; path = ../../../../VirtualFrdigeAPI.swift; sourceTree = "<group>"; };
		9EE12037242FC0E8005885C5 /* mainViewController.swift */ = {isa = PBXFileReference; lastKnownFileType = sourcecode.swift; path = mainViewController.swift; sourceTree = "<group>"; };
		9EE12039242FC17F005885C5 /* DataHandler.swift */ = {isa = PBXFileReference; lastKnownFileType = sourcecode.swift; path = DataHandler.swift; sourceTree = "<group>"; };
		9EE1203B242FC1BE005885C5 /* UserAPI.swift */ = {isa = PBXFileReference; lastKnownFileType = sourcecode.swift; path = UserAPI.swift; sourceTree = "<group>"; };
		9EE1203D242FC298005885C5 /* resource.strings */ = {isa = PBXFileReference; lastKnownFileType = text.plist.strings; path = resource.strings; sourceTree = "<group>"; };
		9EE1EFEC242F389F0047352B /* appetit.app */ = {isa = PBXFileReference; explicitFileType = wrapper.application; includeInIndex = 0; path = appetit.app; sourceTree = BUILT_PRODUCTS_DIR; };
		9EE1EFF1242F389F0047352B /* SceneDelegate.swift */ = {isa = PBXFileReference; lastKnownFileType = sourcecode.swift; path = SceneDelegate.swift; sourceTree = "<group>"; };
		9EE1EFF3242F389F0047352B /* ViewController.swift */ = {isa = PBXFileReference; lastKnownFileType = sourcecode.swift; path = ViewController.swift; sourceTree = "<group>"; };
		9EE1EFF6242F389F0047352B /* Base */ = {isa = PBXFileReference; lastKnownFileType = file.storyboard; name = Base; path = Base.lproj/Main.storyboard; sourceTree = "<group>"; };
		9EE1EFF8242F38A20047352B /* Assets.xcassets */ = {isa = PBXFileReference; lastKnownFileType = folder.assetcatalog; path = Assets.xcassets; sourceTree = "<group>"; };
		9EE1EFFB242F38A20047352B /* Base */ = {isa = PBXFileReference; lastKnownFileType = file.storyboard; name = Base; path = Base.lproj/LaunchScreen.storyboard; sourceTree = "<group>"; };
		9EE1EFFD242F38A20047352B /* Info.plist */ = {isa = PBXFileReference; lastKnownFileType = text.plist.xml; path = Info.plist; sourceTree = "<group>"; };
/* End PBXFileReference section */

/* Begin PBXFrameworksBuildPhase section */
		9EE1EFE9242F389F0047352B /* Frameworks */ = {
			isa = PBXFrameworksBuildPhase;
			buildActionMask = 2147483647;
			files = (
			);
			runOnlyForDeploymentPostprocessing = 0;
		};
/* End PBXFrameworksBuildPhase section */

/* Begin PBXGroup section */
		9EB3FF20243560FA00BA0F39 /* Message Enums */ = {
			isa = PBXGroup;
			children = (
				9EB3FF212435611100BA0F39 /* MessageHandler.swift */,
			);
			path = "Message Enums";
			sourceTree = "<group>";
		};
		9EE1EFE3242F389F0047352B = {
			isa = PBXGroup;
			children = (
				9EE1EFEE242F389F0047352B /* appetit */,
				9EE1EFED242F389F0047352B /* Products */,
			);
			sourceTree = "<group>";
		};
		9EE1EFED242F389F0047352B /* Products */ = {
			isa = PBXGroup;
			children = (
				9EE1EFEC242F389F0047352B /* appetit.app */,
			);
			name = Products;
			sourceTree = "<group>";
		};
		9EE1EFEE242F389F0047352B /* appetit */ = {
			isa = PBXGroup;
			children = (
				9EB3FF20243560FA00BA0F39 /* Message Enums */,
				9EE1F006242F3A030047352B /* Resources */,
				9EE1F005242F39E60047352B /* Backend API */,
				9EE1F004242F39A90047352B /* Datahandler */,
				9EE1F003242F391B0047352B /* Frontend Logic */,
				9EB3FF1624354E6800BA0F39 /* AppDelegate.swift */,
				9EE1EFF1242F389F0047352B /* SceneDelegate.swift */,
				9EE1EFF3242F389F0047352B /* ViewController.swift */,
				9EE1EFF5242F389F0047352B /* Main.storyboard */,
				9EE1EFF8242F38A20047352B /* Assets.xcassets */,
				9EE1EFFA242F38A20047352B /* LaunchScreen.storyboard */,
				9EE1EFFD242F38A20047352B /* Info.plist */,
				9EB3FF1824354E7400BA0F39 /* appetit.xcdatamodeld */,
			);
			path = appetit;
			sourceTree = "<group>";
		};
		9EE1F003242F391B0047352B /* Frontend Logic */ = {
			isa = PBXGroup;
			children = (
				9EE12037242FC0E8005885C5 /* mainViewController.swift */,
				0AE2F31E24302662006F14E1 /* LoginViewController.swift */,
				0AE2F320243026E6006F14E1 /* SigninViewController.swift */,
				0AE2F32224302827006F14E1 /* ProfileViewController.swift */,
				0AE2F32424302867006F14E1 /* FridgeViewController.swift */,
				0AE2F32624302875006F14E1 /* ScannerViewController.swift */,
			);
			path = "Frontend Logic";
			sourceTree = "<group>";
		};
		9EE1F004242F39A90047352B /* Datahandler */ = {
			isa = PBXGroup;
			children = (
				9EE12039242FC17F005885C5 /* DataHandler.swift */,
			);
			path = Datahandler;
			sourceTree = "<group>";
		};
		9EE1F005242F39E60047352B /* Backend API */ = {
			isa = PBXGroup;
			children = (
				9EE1203B242FC1BE005885C5 /* UserAPI.swift */,
				9EB3FF25243568B700BA0F39 /* VirtualFrdigeAPI.swift */,
			);
			path = "Backend API";
			sourceTree = "<group>";
		};
		9EE1F006242F3A030047352B /* Resources */ = {
			isa = PBXGroup;
			children = (
				9EE1203D242FC298005885C5 /* resource.strings */,
			);
			path = Resources;
			sourceTree = "<group>";
		};
/* End PBXGroup section */

/* Begin PBXNativeTarget section */
		9EE1EFEB242F389F0047352B /* appetit */ = {
			isa = PBXNativeTarget;
			buildConfigurationList = 9EE1F000242F38A20047352B /* Build configuration list for PBXNativeTarget "appetit" */;
			buildPhases = (
				9EE1EFE8242F389F0047352B /* Sources */,
				9EE1EFE9242F389F0047352B /* Frameworks */,
				9EE1EFEA242F389F0047352B /* Resources */,
			);
			buildRules = (
			);
			dependencies = (
			);
			name = appetit;
			productName = appetit;
			productReference = 9EE1EFEC242F389F0047352B /* appetit.app */;
			productType = "com.apple.product-type.application";
		};
/* End PBXNativeTarget section */

/* Begin PBXProject section */
		9EE1EFE4242F389F0047352B /* Project object */ = {
			isa = PBXProject;
			attributes = {
				LastSwiftUpdateCheck = 1130;
				LastUpgradeCheck = 1130;
				ORGANIZATIONNAME = "Mark Kang";
				TargetAttributes = {
					9EE1EFEB242F389F0047352B = {
						CreatedOnToolsVersion = 11.3.1;
					};
				};
			};
			buildConfigurationList = 9EE1EFE7242F389F0047352B /* Build configuration list for PBXProject "appetit" */;
			compatibilityVersion = "Xcode 9.3";
			developmentRegion = en;
			hasScannedForEncodings = 0;
			knownRegions = (
				en,
				Base,
			);
			mainGroup = 9EE1EFE3242F389F0047352B;
			productRefGroup = 9EE1EFED242F389F0047352B /* Products */;
			projectDirPath = "";
			projectRoot = "";
			targets = (
				9EE1EFEB242F389F0047352B /* appetit */,
			);
		};
/* End PBXProject section */

/* Begin PBXResourcesBuildPhase section */
		9EE1EFEA242F389F0047352B /* Resources */ = {
			isa = PBXResourcesBuildPhase;
			buildActionMask = 2147483647;
			files = (
				9EE1203E242FC298005885C5 /* resource.strings in Resources */,
				9EE1EFFC242F38A20047352B /* LaunchScreen.storyboard in Resources */,
				9EE1EFF9242F38A20047352B /* Assets.xcassets in Resources */,
				9EE1EFF7242F389F0047352B /* Main.storyboard in Resources */,
			);
			runOnlyForDeploymentPostprocessing = 0;
		};
/* End PBXResourcesBuildPhase section */

/* Begin PBXSourcesBuildPhase section */
		9EE1EFE8242F389F0047352B /* Sources */ = {
			isa = PBXSourcesBuildPhase;
			buildActionMask = 2147483647;
			files = (
				9EB3FF1724354E6800BA0F39 /* AppDelegate.swift in Sources */,
				0AE2F31F24302662006F14E1 /* LoginViewController.swift in Sources */,
				9EE1203A242FC17F005885C5 /* DataHandler.swift in Sources */,
				9EE1203C242FC1BE005885C5 /* UserAPI.swift in Sources */,
				9EE1EFF4242F389F0047352B /* ViewController.swift in Sources */,
				9EB3FF26243568B700BA0F39 /* VirtualFrdigeAPI.swift in Sources */,
				0AE2F321243026E6006F14E1 /* SigninViewController.swift in Sources */,
				0AE2F32324302827006F14E1 /* ProfileViewController.swift in Sources */,
				0AE2F32524302867006F14E1 /* FridgeViewController.swift in Sources */,
				9EE1EFF2242F389F0047352B /* SceneDelegate.swift in Sources */,
				9EE12038242FC0E8005885C5 /* mainViewController.swift in Sources */,
				9EB3FF222435611100BA0F39 /* MessageHandler.swift in Sources */,
				0AE2F32724302875006F14E1 /* ScannerViewController.swift in Sources */,
				9EB3FF1A24354E7500BA0F39 /* appetit.xcdatamodeld in Sources */,
			);
			runOnlyForDeploymentPostprocessing = 0;
		};
/* End PBXSourcesBuildPhase section */

/* Begin PBXVariantGroup section */
		9EE1EFF5242F389F0047352B /* Main.storyboard */ = {
			isa = PBXVariantGroup;
			children = (
				9EE1EFF6242F389F0047352B /* Base */,
			);
			name = Main.storyboard;
			sourceTree = "<group>";
		};
		9EE1EFFA242F38A20047352B /* LaunchScreen.storyboard */ = {
			isa = PBXVariantGroup;
			children = (
				9EE1EFFB242F38A20047352B /* Base */,
			);
			name = LaunchScreen.storyboard;
			sourceTree = "<group>";
		};
/* End PBXVariantGroup section */

/* Begin XCBuildConfiguration section */
		9EE1EFFE242F38A20047352B /* Debug */ = {
			isa = XCBuildConfiguration;
			buildSettings = {
				ALWAYS_SEARCH_USER_PATHS = NO;
				CLANG_ANALYZER_NONNULL = YES;
				CLANG_ANALYZER_NUMBER_OBJECT_CONVERSION = YES_AGGRESSIVE;
				CLANG_CXX_LANGUAGE_STANDARD = "gnu++14";
				CLANG_CXX_LIBRARY = "libc++";
				CLANG_ENABLE_MODULES = YES;
				CLANG_ENABLE_OBJC_ARC = YES;
				CLANG_ENABLE_OBJC_WEAK = YES;
				CLANG_WARN_BLOCK_CAPTURE_AUTORELEASING = YES;
				CLANG_WARN_BOOL_CONVERSION = YES;
				CLANG_WARN_COMMA = YES;
				CLANG_WARN_CONSTANT_CONVERSION = YES;
				CLANG_WARN_DEPRECATED_OBJC_IMPLEMENTATIONS = YES;
				CLANG_WARN_DIRECT_OBJC_ISA_USAGE = YES_ERROR;
				CLANG_WARN_DOCUMENTATION_COMMENTS = YES;
				CLANG_WARN_EMPTY_BODY = YES;
				CLANG_WARN_ENUM_CONVERSION = YES;
				CLANG_WARN_INFINITE_RECURSION = YES;
				CLANG_WARN_INT_CONVERSION = YES;
				CLANG_WARN_NON_LITERAL_NULL_CONVERSION = YES;
				CLANG_WARN_OBJC_IMPLICIT_RETAIN_SELF = YES;
				CLANG_WARN_OBJC_LITERAL_CONVERSION = YES;
				CLANG_WARN_OBJC_ROOT_CLASS = YES_ERROR;
				CLANG_WARN_RANGE_LOOP_ANALYSIS = YES;
				CLANG_WARN_STRICT_PROTOTYPES = YES;
				CLANG_WARN_SUSPICIOUS_MOVE = YES;
				CLANG_WARN_UNGUARDED_AVAILABILITY = YES_AGGRESSIVE;
				CLANG_WARN_UNREACHABLE_CODE = YES;
				CLANG_WARN__DUPLICATE_METHOD_MATCH = YES;
				COPY_PHASE_STRIP = NO;
				DEBUG_INFORMATION_FORMAT = dwarf;
				ENABLE_STRICT_OBJC_MSGSEND = YES;
				ENABLE_TESTABILITY = YES;
				GCC_C_LANGUAGE_STANDARD = gnu11;
				GCC_DYNAMIC_NO_PIC = NO;
				GCC_NO_COMMON_BLOCKS = YES;
				GCC_OPTIMIZATION_LEVEL = 0;
				GCC_PREPROCESSOR_DEFINITIONS = (
					"DEBUG=1",
					"$(inherited)",
				);
				GCC_WARN_64_TO_32_BIT_CONVERSION = YES;
				GCC_WARN_ABOUT_RETURN_TYPE = YES_ERROR;
				GCC_WARN_UNDECLARED_SELECTOR = YES;
				GCC_WARN_UNINITIALIZED_AUTOS = YES_AGGRESSIVE;
				GCC_WARN_UNUSED_FUNCTION = YES;
				GCC_WARN_UNUSED_VARIABLE = YES;
				IPHONEOS_DEPLOYMENT_TARGET = 13.2;
				MTL_ENABLE_DEBUG_INFO = INCLUDE_SOURCE;
				MTL_FAST_MATH = YES;
				ONLY_ACTIVE_ARCH = YES;
				SDKROOT = iphoneos;
				SWIFT_ACTIVE_COMPILATION_CONDITIONS = DEBUG;
				SWIFT_OPTIMIZATION_LEVEL = "-Onone";
			};
			name = Debug;
		};
		9EE1EFFF242F38A20047352B /* Release */ = {
			isa = XCBuildConfiguration;
			buildSettings = {
				ALWAYS_SEARCH_USER_PATHS = NO;
				CLANG_ANALYZER_NONNULL = YES;
				CLANG_ANALYZER_NUMBER_OBJECT_CONVERSION = YES_AGGRESSIVE;
				CLANG_CXX_LANGUAGE_STANDARD = "gnu++14";
				CLANG_CXX_LIBRARY = "libc++";
				CLANG_ENABLE_MODULES = YES;
				CLANG_ENABLE_OBJC_ARC = YES;
				CLANG_ENABLE_OBJC_WEAK = YES;
				CLANG_WARN_BLOCK_CAPTURE_AUTORELEASING = YES;
				CLANG_WARN_BOOL_CONVERSION = YES;
				CLANG_WARN_COMMA = YES;
				CLANG_WARN_CONSTANT_CONVERSION = YES;
				CLANG_WARN_DEPRECATED_OBJC_IMPLEMENTATIONS = YES;
				CLANG_WARN_DIRECT_OBJC_ISA_USAGE = YES_ERROR;
				CLANG_WARN_DOCUMENTATION_COMMENTS = YES;
				CLANG_WARN_EMPTY_BODY = YES;
				CLANG_WARN_ENUM_CONVERSION = YES;
				CLANG_WARN_INFINITE_RECURSION = YES;
				CLANG_WARN_INT_CONVERSION = YES;
				CLANG_WARN_NON_LITERAL_NULL_CONVERSION = YES;
				CLANG_WARN_OBJC_IMPLICIT_RETAIN_SELF = YES;
				CLANG_WARN_OBJC_LITERAL_CONVERSION = YES;
				CLANG_WARN_OBJC_ROOT_CLASS = YES_ERROR;
				CLANG_WARN_RANGE_LOOP_ANALYSIS = YES;
				CLANG_WARN_STRICT_PROTOTYPES = YES;
				CLANG_WARN_SUSPICIOUS_MOVE = YES;
				CLANG_WARN_UNGUARDED_AVAILABILITY = YES_AGGRESSIVE;
				CLANG_WARN_UNREACHABLE_CODE = YES;
				CLANG_WARN__DUPLICATE_METHOD_MATCH = YES;
				COPY_PHASE_STRIP = NO;
				DEBUG_INFORMATION_FORMAT = "dwarf-with-dsym";
				ENABLE_NS_ASSERTIONS = NO;
				ENABLE_STRICT_OBJC_MSGSEND = YES;
				GCC_C_LANGUAGE_STANDARD = gnu11;
				GCC_NO_COMMON_BLOCKS = YES;
				GCC_WARN_64_TO_32_BIT_CONVERSION = YES;
				GCC_WARN_ABOUT_RETURN_TYPE = YES_ERROR;
				GCC_WARN_UNDECLARED_SELECTOR = YES;
				GCC_WARN_UNINITIALIZED_AUTOS = YES_AGGRESSIVE;
				GCC_WARN_UNUSED_FUNCTION = YES;
				GCC_WARN_UNUSED_VARIABLE = YES;
				IPHONEOS_DEPLOYMENT_TARGET = 13.2;
				MTL_ENABLE_DEBUG_INFO = NO;
				MTL_FAST_MATH = YES;
				SDKROOT = iphoneos;
				SWIFT_COMPILATION_MODE = wholemodule;
				SWIFT_OPTIMIZATION_LEVEL = "-O";
				VALIDATE_PRODUCT = YES;
			};
			name = Release;
		};
		9EE1F001242F38A20047352B /* Debug */ = {
			isa = XCBuildConfiguration;
			buildSettings = {
				ASSETCATALOG_COMPILER_APPICON_NAME = AppIcon;
				CODE_SIGN_STYLE = Automatic;
				DEVELOPMENT_TEAM = 3AKSSC6XQ8;
				INFOPLIST_FILE = appetit/Info.plist;
				LD_RUNPATH_SEARCH_PATHS = (
					"$(inherited)",
					"@executable_path/Frameworks",
				);
				PRODUCT_BUNDLE_IDENTIFIER = com.franklin.appetit;
				PRODUCT_NAME = "$(TARGET_NAME)";
				SWIFT_VERSION = 5.0;
				TARGETED_DEVICE_FAMILY = "1,2";
			};
			name = Debug;
		};
		9EE1F002242F38A20047352B /* Release */ = {
			isa = XCBuildConfiguration;
			buildSettings = {
				ASSETCATALOG_COMPILER_APPICON_NAME = AppIcon;
				CODE_SIGN_STYLE = Automatic;
				DEVELOPMENT_TEAM = 3AKSSC6XQ8;
				INFOPLIST_FILE = appetit/Info.plist;
				LD_RUNPATH_SEARCH_PATHS = (
					"$(inherited)",
					"@executable_path/Frameworks",
				);
				PRODUCT_BUNDLE_IDENTIFIER = com.franklin.appetit;
				PRODUCT_NAME = "$(TARGET_NAME)";
				SWIFT_VERSION = 5.0;
				TARGETED_DEVICE_FAMILY = "1,2";
			};
			name = Release;
		};
/* End XCBuildConfiguration section */

/* Begin XCConfigurationList section */
		9EE1EFE7242F389F0047352B /* Build configuration list for PBXProject "appetit" */ = {
			isa = XCConfigurationList;
			buildConfigurations = (
				9EE1EFFE242F38A20047352B /* Debug */,
				9EE1EFFF242F38A20047352B /* Release */,
			);
			defaultConfigurationIsVisible = 0;
			defaultConfigurationName = Release;
		};
		9EE1F000242F38A20047352B /* Build configuration list for PBXNativeTarget "appetit" */ = {
			isa = XCConfigurationList;
			buildConfigurations = (
				9EE1F001242F38A20047352B /* Debug */,
				9EE1F002242F38A20047352B /* Release */,
			);
			defaultConfigurationIsVisible = 0;
			defaultConfigurationName = Release;
		};
/* End XCConfigurationList section */

/* Begin XCVersionGroup section */
		9EB3FF1824354E7400BA0F39 /* appetit.xcdatamodeld */ = {
			isa = XCVersionGroup;
			children = (
				9EB3FF1924354E7400BA0F39 /* appetit.xcdatamodel */,
			);
			currentVersion = 9EB3FF1924354E7400BA0F39 /* appetit.xcdatamodel */;
			path = appetit.xcdatamodeld;
			sourceTree = "<group>";
			versionGroupType = wrapper.xcdatamodel;
		};
/* End XCVersionGroup section */
	};
	rootObject = 9EE1EFE4242F389F0047352B /* Project object */;
}
