// !$*UTF8*$!
{
	archiveVersion = 1;
	classes = {
	};
	objectVersion = 50;
	objects = {

/* Begin PBXBuildFile section */
		0AC94D2F243BD5D8007CE4F8 /* FridgeCollectionViewController.swift in Sources */ = {isa = PBXBuildFile; fileRef = 0AC94D2E243BD5D8007CE4F8 /* FridgeCollectionViewController.swift */; };
		0AC94D33243BD669007CE4F8 /* SavedCollectionViewController.swift in Sources */ = {isa = PBXBuildFile; fileRef = 0AC94D32243BD669007CE4F8 /* SavedCollectionViewController.swift */; };
		0AC94D35243BD698007CE4F8 /* RecipesViewController.swift in Sources */ = {isa = PBXBuildFile; fileRef = 0AC94D34243BD698007CE4F8 /* RecipesViewController.swift */; };
		0AC94D37243BD98F007CE4F8 /* IngredientsViewController.swift in Sources */ = {isa = PBXBuildFile; fileRef = 0AC94D36243BD98F007CE4F8 /* IngredientsViewController.swift */; };
		0AC94D39243BDA51007CE4F8 /* AddingViewController.swift in Sources */ = {isa = PBXBuildFile; fileRef = 0AC94D38243BDA51007CE4F8 /* AddingViewController.swift */; };
		0AC94D3B243BDA98007CE4F8 /* FocusRecipeViewController.swift in Sources */ = {isa = PBXBuildFile; fileRef = 0AC94D3A243BDA98007CE4F8 /* FocusRecipeViewController.swift */; };
		0AC94D3D243BDCC6007CE4F8 /* BarcodeScannerViewController.swift in Sources */ = {isa = PBXBuildFile; fileRef = 0AC94D3C243BDCC6007CE4F8 /* BarcodeScannerViewController.swift */; };
		0AC94D3F243C1370007CE4F8 /* Food.swift in Sources */ = {isa = PBXBuildFile; fileRef = 0AC94D3E243C136F007CE4F8 /* Food.swift */; };
		0AC94D41243C2682007CE4F8 /* FridgeLayout.swift in Sources */ = {isa = PBXBuildFile; fileRef = 0AC94D40243C2682007CE4F8 /* FridgeLayout.swift */; };
		0AC94D52243E193E007CE4F8 /* FridgeCustomCell.swift in Sources */ = {isa = PBXBuildFile; fileRef = 0AC94D50243E193D007CE4F8 /* FridgeCustomCell.swift */; };
		0AC94D53243E193E007CE4F8 /* FridgeCustomCell.xib in Resources */ = {isa = PBXBuildFile; fileRef = 0AC94D51243E193E007CE4F8 /* FridgeCustomCell.xib */; };
		0AE2F31F24302662006F14E1 /* LoginViewController.swift in Sources */ = {isa = PBXBuildFile; fileRef = 0AE2F31E24302662006F14E1 /* LoginViewController.swift */; };
		0AE2F321243026E6006F14E1 /* SigninViewController.swift in Sources */ = {isa = PBXBuildFile; fileRef = 0AE2F320243026E6006F14E1 /* SigninViewController.swift */; };
		9E6741CC243C0A1C007C17B5 /* appetit.xcdatamodeld in Sources */ = {isa = PBXBuildFile; fileRef = 9E6741CA243C0A1C007C17B5 /* appetit.xcdatamodeld */; };
		9E6741D6243C0A2E007C17B5 /* VirtualFridgeController.swift in Sources */ = {isa = PBXBuildFile; fileRef = 9E6741D0243C0A2E007C17B5 /* VirtualFridgeController.swift */; };
		9E6741D8243C0A2E007C17B5 /* UserEntity.swift in Sources */ = {isa = PBXBuildFile; fileRef = 9E6741D3243C0A2E007C17B5 /* UserEntity.swift */; };
		9E6741D9243C0A2E007C17B5 /* UserController.swift in Sources */ = {isa = PBXBuildFile; fileRef = 9E6741D4243C0A2E007C17B5 /* UserController.swift */; };
		9E6741DC243C0A43007C17B5 /* DataHandler.swift in Sources */ = {isa = PBXBuildFile; fileRef = 9E6741DB243C0A43007C17B5 /* DataHandler.swift */; };
		9E6741DF243C0A62007C17B5 /* Error.swift in Sources */ = {isa = PBXBuildFile; fileRef = 9E6741DE243C0A62007C17B5 /* Error.swift */; };
		9E6741FF243C1350007C17B5 /* IngredientEntity.swift in Sources */ = {isa = PBXBuildFile; fileRef = 9E6741FE243C1350007C17B5 /* IngredientEntity.swift */; };
		9E674223243C263D007C17B5 /* UserControllerTests.swift in Sources */ = {isa = PBXBuildFile; fileRef = 9E674222243C263D007C17B5 /* UserControllerTests.swift */; };
		9E67422B243C266F007C17B5 /* VirtualFridgeControllerTest.swift in Sources */ = {isa = PBXBuildFile; fileRef = 9E67422A243C266F007C17B5 /* VirtualFridgeControllerTest.swift */; };
		9EE12038242FC0E8005885C5 /* mainViewController.swift in Sources */ = {isa = PBXBuildFile; fileRef = 9EE12037242FC0E8005885C5 /* mainViewController.swift */; };
		9EE1203E242FC298005885C5 /* resource.strings in Resources */ = {isa = PBXBuildFile; fileRef = 9EE1203D242FC298005885C5 /* resource.strings */; };
		9EE1EFF0242F389F0047352B /* AppDelegate.swift in Sources */ = {isa = PBXBuildFile; fileRef = 9EE1EFEF242F389F0047352B /* AppDelegate.swift */; };
		9EE1EFF2242F389F0047352B /* SceneDelegate.swift in Sources */ = {isa = PBXBuildFile; fileRef = 9EE1EFF1242F389F0047352B /* SceneDelegate.swift */; };
		9EE1EFF4242F389F0047352B /* ViewController.swift in Sources */ = {isa = PBXBuildFile; fileRef = 9EE1EFF3242F389F0047352B /* ViewController.swift */; };
		9EE1EFF7242F389F0047352B /* Main.storyboard in Resources */ = {isa = PBXBuildFile; fileRef = 9EE1EFF5242F389F0047352B /* Main.storyboard */; };
		9EE1EFF9242F38A20047352B /* Assets.xcassets in Resources */ = {isa = PBXBuildFile; fileRef = 9EE1EFF8242F38A20047352B /* Assets.xcassets */; };
		9EE1EFFC242F38A20047352B /* LaunchScreen.storyboard in Resources */ = {isa = PBXBuildFile; fileRef = 9EE1EFFA242F38A20047352B /* LaunchScreen.storyboard */; };
/* End PBXBuildFile section */

/* Begin PBXContainerItemProxy section */
		9E674225243C263D007C17B5 /* PBXContainerItemProxy */ = {
			isa = PBXContainerItemProxy;
			containerPortal = 9EE1EFE4242F389F0047352B /* Project object */;
			proxyType = 1;
			remoteGlobalIDString = 9EE1EFEB242F389F0047352B;
			remoteInfo = appetit;
		};
/* End PBXContainerItemProxy section */

/* Begin PBXFileReference section */
		0AC94D2E243BD5D8007CE4F8 /* FridgeCollectionViewController.swift */ = {isa = PBXFileReference; lastKnownFileType = sourcecode.swift; path = FridgeCollectionViewController.swift; sourceTree = "<group>"; };
		0AC94D32243BD669007CE4F8 /* SavedCollectionViewController.swift */ = {isa = PBXFileReference; lastKnownFileType = sourcecode.swift; path = SavedCollectionViewController.swift; sourceTree = "<group>"; };
		0AC94D34243BD698007CE4F8 /* RecipesViewController.swift */ = {isa = PBXFileReference; lastKnownFileType = sourcecode.swift; path = RecipesViewController.swift; sourceTree = "<group>"; };
		0AC94D36243BD98F007CE4F8 /* IngredientsViewController.swift */ = {isa = PBXFileReference; lastKnownFileType = sourcecode.swift; path = IngredientsViewController.swift; sourceTree = "<group>"; };
		0AC94D38243BDA51007CE4F8 /* AddingViewController.swift */ = {isa = PBXFileReference; lastKnownFileType = sourcecode.swift; path = AddingViewController.swift; sourceTree = "<group>"; };
		0AC94D3A243BDA98007CE4F8 /* FocusRecipeViewController.swift */ = {isa = PBXFileReference; lastKnownFileType = sourcecode.swift; path = FocusRecipeViewController.swift; sourceTree = "<group>"; };
		0AC94D3C243BDCC6007CE4F8 /* BarcodeScannerViewController.swift */ = {isa = PBXFileReference; lastKnownFileType = sourcecode.swift; path = BarcodeScannerViewController.swift; sourceTree = "<group>"; };
		0AC94D3E243C136F007CE4F8 /* Food.swift */ = {isa = PBXFileReference; lastKnownFileType = sourcecode.swift; path = Food.swift; sourceTree = "<group>"; };
		0AC94D40243C2682007CE4F8 /* FridgeLayout.swift */ = {isa = PBXFileReference; lastKnownFileType = sourcecode.swift; path = FridgeLayout.swift; sourceTree = "<group>"; };
		0AC94D50243E193D007CE4F8 /* FridgeCustomCell.swift */ = {isa = PBXFileReference; lastKnownFileType = sourcecode.swift; path = FridgeCustomCell.swift; sourceTree = "<group>"; };
		0AC94D51243E193E007CE4F8 /* FridgeCustomCell.xib */ = {isa = PBXFileReference; lastKnownFileType = file.xib; path = FridgeCustomCell.xib; sourceTree = "<group>"; };
		0AE2F31E24302662006F14E1 /* LoginViewController.swift */ = {isa = PBXFileReference; lastKnownFileType = sourcecode.swift; path = LoginViewController.swift; sourceTree = "<group>"; };
		0AE2F320243026E6006F14E1 /* SigninViewController.swift */ = {isa = PBXFileReference; lastKnownFileType = sourcecode.swift; path = SigninViewController.swift; sourceTree = "<group>"; };
		9E6741CB243C0A1C007C17B5 /* appetit.xcdatamodel */ = {isa = PBXFileReference; lastKnownFileType = wrapper.xcdatamodel; path = appetit.xcdatamodel; sourceTree = "<group>"; };
		9E6741D0243C0A2E007C17B5 /* VirtualFridgeController.swift */ = {isa = PBXFileReference; fileEncoding = 4; lastKnownFileType = sourcecode.swift; path = VirtualFridgeController.swift; sourceTree = "<group>"; };
		9E6741D3243C0A2E007C17B5 /* UserEntity.swift */ = {isa = PBXFileReference; fileEncoding = 4; lastKnownFileType = sourcecode.swift; path = UserEntity.swift; sourceTree = "<group>"; };
		9E6741D4243C0A2E007C17B5 /* UserController.swift */ = {isa = PBXFileReference; fileEncoding = 4; lastKnownFileType = sourcecode.swift; path = UserController.swift; sourceTree = "<group>"; };
		9E6741DB243C0A43007C17B5 /* DataHandler.swift */ = {isa = PBXFileReference; fileEncoding = 4; lastKnownFileType = sourcecode.swift; path = DataHandler.swift; sourceTree = "<group>"; };
		9E6741DE243C0A62007C17B5 /* Error.swift */ = {isa = PBXFileReference; fileEncoding = 4; lastKnownFileType = sourcecode.swift; path = Error.swift; sourceTree = "<group>"; };
		9E6741FE243C1350007C17B5 /* IngredientEntity.swift */ = {isa = PBXFileReference; lastKnownFileType = sourcecode.swift; path = IngredientEntity.swift; sourceTree = "<group>"; };
		9E674220243C263D007C17B5 /* Backend Unit Tests.xctest */ = {isa = PBXFileReference; explicitFileType = wrapper.cfbundle; includeInIndex = 0; path = "Backend Unit Tests.xctest"; sourceTree = BUILT_PRODUCTS_DIR; };
		9E674222243C263D007C17B5 /* UserControllerTests.swift */ = {isa = PBXFileReference; lastKnownFileType = sourcecode.swift; path = UserControllerTests.swift; sourceTree = "<group>"; };
		9E674224243C263D007C17B5 /* Info.plist */ = {isa = PBXFileReference; lastKnownFileType = text.plist.xml; path = Info.plist; sourceTree = "<group>"; };
		9E67422A243C266F007C17B5 /* VirtualFridgeControllerTest.swift */ = {isa = PBXFileReference; lastKnownFileType = sourcecode.swift; path = VirtualFridgeControllerTest.swift; sourceTree = "<group>"; };
		9EE12037242FC0E8005885C5 /* mainViewController.swift */ = {isa = PBXFileReference; lastKnownFileType = sourcecode.swift; path = mainViewController.swift; sourceTree = "<group>"; };
		9EE1203D242FC298005885C5 /* resource.strings */ = {isa = PBXFileReference; lastKnownFileType = text.plist.strings; path = resource.strings; sourceTree = "<group>"; };
		9EE1EFEC242F389F0047352B /* appetit.app */ = {isa = PBXFileReference; explicitFileType = wrapper.application; includeInIndex = 0; path = appetit.app; sourceTree = BUILT_PRODUCTS_DIR; };
		9EE1EFEF242F389F0047352B /* AppDelegate.swift */ = {isa = PBXFileReference; lastKnownFileType = sourcecode.swift; path = AppDelegate.swift; sourceTree = "<group>"; };
		9EE1EFF1242F389F0047352B /* SceneDelegate.swift */ = {isa = PBXFileReference; lastKnownFileType = sourcecode.swift; path = SceneDelegate.swift; sourceTree = "<group>"; };
		9EE1EFF3242F389F0047352B /* ViewController.swift */ = {isa = PBXFileReference; lastKnownFileType = sourcecode.swift; path = ViewController.swift; sourceTree = "<group>"; };
		9EE1EFF6242F389F0047352B /* Base */ = {isa = PBXFileReference; lastKnownFileType = file.storyboard; name = Base; path = Base.lproj/Main.storyboard; sourceTree = "<group>"; };
		9EE1EFF8242F38A20047352B /* Assets.xcassets */ = {isa = PBXFileReference; lastKnownFileType = folder.assetcatalog; path = Assets.xcassets; sourceTree = "<group>"; };
		9EE1EFFB242F38A20047352B /* Base */ = {isa = PBXFileReference; lastKnownFileType = file.storyboard; name = Base; path = Base.lproj/LaunchScreen.storyboard; sourceTree = "<group>"; };
		9EE1EFFD242F38A20047352B /* Info.plist */ = {isa = PBXFileReference; lastKnownFileType = text.plist.xml; path = Info.plist; sourceTree = "<group>"; };
/* End PBXFileReference section */

/* Begin PBXFrameworksBuildPhase section */
		9E67421D243C263D007C17B5 /* Frameworks */ = {
			isa = PBXFrameworksBuildPhase;
			buildActionMask = 2147483647;
			files = (
			);
			runOnlyForDeploymentPostprocessing = 0;
		};
		9EE1EFE9242F389F0047352B /* Frameworks */ = {
			isa = PBXFrameworksBuildPhase;
			buildActionMask = 2147483647;
			files = (
			);
			runOnlyForDeploymentPostprocessing = 0;
		};
/* End PBXFrameworksBuildPhase section */

/* Begin PBXGroup section */
		9E6741CD243C0A2E007C17B5 /* Backend API */ = {
			isa = PBXGroup;
			children = (
				9E6741D1243C0A2E007C17B5 /* Entities */,
				9E6741D0243C0A2E007C17B5 /* VirtualFridgeController.swift */,
				9E6741D4243C0A2E007C17B5 /* UserController.swift */,
			);
			name = "Backend API";
			path = "appetit/Backend API";
			sourceTree = SOURCE_ROOT;
		};
		9E6741D1243C0A2E007C17B5 /* Entities */ = {
			isa = PBXGroup;
			children = (
				9E6741D3243C0A2E007C17B5 /* UserEntity.swift */,
				9E6741FE243C1350007C17B5 /* IngredientEntity.swift */,
			);
			path = Entities;
			sourceTree = "<group>";
		};
		9E6741DA243C0A43007C17B5 /* Datahandler */ = {
			isa = PBXGroup;
			children = (
				9E6741DB243C0A43007C17B5 /* DataHandler.swift */,
			);
			path = Datahandler;
			sourceTree = "<group>";
		};
		9E6741DD243C0A62007C17B5 /* Error Codes */ = {
			isa = PBXGroup;
			children = (
				9E6741DE243C0A62007C17B5 /* Error.swift */,
			);
			path = "Error Codes";
			sourceTree = "<group>";
		};
		9E674221243C263D007C17B5 /* Backend Unit Tests */ = {
			isa = PBXGroup;
			children = (
				9E674222243C263D007C17B5 /* UserControllerTests.swift */,
				9E67422A243C266F007C17B5 /* VirtualFridgeControllerTest.swift */,
				9E674224243C263D007C17B5 /* Info.plist */,
			);
			path = "Backend Unit Tests";
			sourceTree = "<group>";
		};
		9EE1EFE3242F389F0047352B = {
			isa = PBXGroup;
			children = (
				9EE1EFEE242F389F0047352B /* appetit */,
				9E674221243C263D007C17B5 /* Backend Unit Tests */,
				9EE1EFED242F389F0047352B /* Products */,
			);
			sourceTree = "<group>";
		};
		9EE1EFED242F389F0047352B /* Products */ = {
			isa = PBXGroup;
			children = (
				9EE1EFEC242F389F0047352B /* appetit.app */,
				9E674220243C263D007C17B5 /* Backend Unit Tests.xctest */,
			);
			name = Products;
			sourceTree = "<group>";
		};
		9EE1EFEE242F389F0047352B /* appetit */ = {
			isa = PBXGroup;
			children = (
				9EE1F006242F3A030047352B /* Resources */,
				9E6741DD243C0A62007C17B5 /* Error Codes */,
				9E6741CD243C0A2E007C17B5 /* Backend API */,
				9E6741DA243C0A43007C17B5 /* Datahandler */,
				9EE1F003242F391B0047352B /* Frontend Logic */,
				9EE1EFEF242F389F0047352B /* AppDelegate.swift */,
				9EE1EFF1242F389F0047352B /* SceneDelegate.swift */,
				9EE1EFF3242F389F0047352B /* ViewController.swift */,
				9EE1EFF5242F389F0047352B /* Main.storyboard */,
				9EE1EFF8242F38A20047352B /* Assets.xcassets */,
				9EE1EFFA242F38A20047352B /* LaunchScreen.storyboard */,
				9EE1EFFD242F38A20047352B /* Info.plist */,
				9E6741CA243C0A1C007C17B5 /* appetit.xcdatamodeld */,
			);
			path = appetit;
			sourceTree = "<group>";
		};
		9EE1F003242F391B0047352B /* Frontend Logic */ = {
			isa = PBXGroup;
			children = (
				9EE12037242FC0E8005885C5 /* mainViewController.swift */,
				0AE2F31E24302662006F14E1 /* LoginViewController.swift */,
				0AE2F320243026E6006F14E1 /* SigninViewController.swift */,
				0AC94D3E243C136F007CE4F8 /* Food.swift */,
				0AC94D32243BD669007CE4F8 /* SavedCollectionViewController.swift */,
				0AC94D34243BD698007CE4F8 /* RecipesViewController.swift */,
				0AC94D36243BD98F007CE4F8 /* IngredientsViewController.swift */,
				0AC94D38243BDA51007CE4F8 /* AddingViewController.swift */,
				0AC94D3A243BDA98007CE4F8 /* FocusRecipeViewController.swift */,
				0AC94D3C243BDCC6007CE4F8 /* BarcodeScannerViewController.swift */,
				0AC94D2E243BD5D8007CE4F8 /* FridgeCollectionViewController.swift */,
				0AC94D40243C2682007CE4F8 /* FridgeLayout.swift */,
				0AC94D50243E193D007CE4F8 /* FridgeCustomCell.swift */,
				0AC94D51243E193E007CE4F8 /* FridgeCustomCell.xib */,
			);
			path = "Frontend Logic";
			sourceTree = "<group>";
		};
		9EE1F006242F3A030047352B /* Resources */ = {
			isa = PBXGroup;
			children = (
				9EE1203D242FC298005885C5 /* resource.strings */,
			);
			path = Resources;
			sourceTree = "<group>";
		};
/* End PBXGroup section */

/* Begin PBXNativeTarget section */
		9E67421F243C263D007C17B5 /* Backend Unit Tests */ = {
			isa = PBXNativeTarget;
			buildConfigurationList = 9E674227243C263D007C17B5 /* Build configuration list for PBXNativeTarget "Backend Unit Tests" */;
			buildPhases = (
				9E67421C243C263D007C17B5 /* Sources */,
				9E67421D243C263D007C17B5 /* Frameworks */,
				9E67421E243C263D007C17B5 /* Resources */,
			);
			buildRules = (
			);
			dependencies = (
				9E674226243C263D007C17B5 /* PBXTargetDependency */,
			);
			name = "Backend Unit Tests";
			productName = "Backend Unit Tests";
			productReference = 9E674220243C263D007C17B5 /* Backend Unit Tests.xctest */;
			productType = "com.apple.product-type.bundle.unit-test";
		};
		9EE1EFEB242F389F0047352B /* appetit */ = {
			isa = PBXNativeTarget;
			buildConfigurationList = 9EE1F000242F38A20047352B /* Build configuration list for PBXNativeTarget "appetit" */;
			buildPhases = (
				9EE1EFE8242F389F0047352B /* Sources */,
				9EE1EFE9242F389F0047352B /* Frameworks */,
				9EE1EFEA242F389F0047352B /* Resources */,
			);
			buildRules = (
			);
			dependencies = (
			);
			name = appetit;
			productName = appetit;
			productReference = 9EE1EFEC242F389F0047352B /* appetit.app */;
			productType = "com.apple.product-type.application";
		};
/* End PBXNativeTarget section */

/* Begin PBXProject section */
		9EE1EFE4242F389F0047352B /* Project object */ = {
			isa = PBXProject;
			attributes = {
				LastSwiftUpdateCheck = 1130;
				LastUpgradeCheck = 1130;
				ORGANIZATIONNAME = "Mark Kang";
				TargetAttributes = {
					9E67421F243C263D007C17B5 = {
						CreatedOnToolsVersion = 11.3.1;
						TestTargetID = 9EE1EFEB242F389F0047352B;
					};
					9EE1EFEB242F389F0047352B = {
						CreatedOnToolsVersion = 11.3.1;
					};
				};
			};
			buildConfigurationList = 9EE1EFE7242F389F0047352B /* Build configuration list for PBXProject "appetit" */;
			compatibilityVersion = "Xcode 9.3";
			developmentRegion = en;
			hasScannedForEncodings = 0;
			knownRegions = (
				en,
				Base,
			);
			mainGroup = 9EE1EFE3242F389F0047352B;
			productRefGroup = 9EE1EFED242F389F0047352B /* Products */;
			projectDirPath = "";
			projectRoot = "";
			targets = (
				9EE1EFEB242F389F0047352B /* appetit */,
				9E67421F243C263D007C17B5 /* Backend Unit Tests */,
			);
		};
/* End PBXProject section */

/* Begin PBXResourcesBuildPhase section */
		9E67421E243C263D007C17B5 /* Resources */ = {
			isa = PBXResourcesBuildPhase;
			buildActionMask = 2147483647;
			files = (
			);
			runOnlyForDeploymentPostprocessing = 0;
		};
		9EE1EFEA242F389F0047352B /* Resources */ = {
			isa = PBXResourcesBuildPhase;
			buildActionMask = 2147483647;
			files = (
				9EE1203E242FC298005885C5 /* resource.strings in Resources */,
				9EE1EFFC242F38A20047352B /* LaunchScreen.storyboard in Resources */,
				9EE1EFF9242F38A20047352B /* Assets.xcassets in Resources */,
				9EE1EFF7242F389F0047352B /* Main.storyboard in Resources */,
				0AC94D53243E193E007CE4F8 /* FridgeCustomCell.xib in Resources */,
			);
			runOnlyForDeploymentPostprocessing = 0;
		};
/* End PBXResourcesBuildPhase section */

/* Begin PBXSourcesBuildPhase section */
		9E67421C243C263D007C17B5 /* Sources */ = {
			isa = PBXSourcesBuildPhase;
			buildActionMask = 2147483647;
			files = (
				9E67422B243C266F007C17B5 /* VirtualFridgeControllerTest.swift in Sources */,
				9E674223243C263D007C17B5 /* UserControllerTests.swift in Sources */,
			);
			runOnlyForDeploymentPostprocessing = 0;
		};
		9EE1EFE8242F389F0047352B /* Sources */ = {
			isa = PBXSourcesBuildPhase;
			buildActionMask = 2147483647;
			files = (
				0AC94D3F243C1370007CE4F8 /* Food.swift in Sources */,
				0AC94D52243E193E007CE4F8 /* FridgeCustomCell.swift in Sources */,
				9E6741CC243C0A1C007C17B5 /* appetit.xcdatamodeld in Sources */,
				9E6741DC243C0A43007C17B5 /* DataHandler.swift in Sources */,
				0AC94D33243BD669007CE4F8 /* SavedCollectionViewController.swift in Sources */,
				9E6741D9243C0A2E007C17B5 /* UserController.swift in Sources */,
				9E6741D8243C0A2E007C17B5 /* UserEntity.swift in Sources */,
				0AE2F31F24302662006F14E1 /* LoginViewController.swift in Sources */,
				0AC94D2F243BD5D8007CE4F8 /* FridgeCollectionViewController.swift in Sources */,
				0AC94D35243BD698007CE4F8 /* RecipesViewController.swift in Sources */,
				0AC94D3D243BDCC6007CE4F8 /* BarcodeScannerViewController.swift in Sources */,
				0AC94D3B243BDA98007CE4F8 /* FocusRecipeViewController.swift in Sources */,
				0AC94D41243C2682007CE4F8 /* FridgeLayout.swift in Sources */,
				9EE1EFF4242F389F0047352B /* ViewController.swift in Sources */,
				9E6741FF243C1350007C17B5 /* IngredientEntity.swift in Sources */,
				0AE2F321243026E6006F14E1 /* SigninViewController.swift in Sources */,
				9EE1EFF0242F389F0047352B /* AppDelegate.swift in Sources */,
				0AC94D37243BD98F007CE4F8 /* IngredientsViewController.swift in Sources */,
				9EE1EFF2242F389F0047352B /* SceneDelegate.swift in Sources */,
				9EE12038242FC0E8005885C5 /* mainViewController.swift in Sources */,
				0AC94D39243BDA51007CE4F8 /* AddingViewController.swift in Sources */,
				9E6741D6243C0A2E007C17B5 /* VirtualFridgeController.swift in Sources */,
				9E6741DF243C0A62007C17B5 /* Error.swift in Sources */,
			);
			runOnlyForDeploymentPostprocessing = 0;
		};
/* End PBXSourcesBuildPhase section */

/* Begin PBXTargetDependency section */
		9E674226243C263D007C17B5 /* PBXTargetDependency */ = {
			isa = PBXTargetDependency;
			target = 9EE1EFEB242F389F0047352B /* appetit */;
			targetProxy = 9E674225243C263D007C17B5 /* PBXContainerItemProxy */;
		};
/* End PBXTargetDependency section */

/* Begin PBXVariantGroup section */
		9EE1EFF5242F389F0047352B /* Main.storyboard */ = {
			isa = PBXVariantGroup;
			children = (
				9EE1EFF6242F389F0047352B /* Base */,
			);
			name = Main.storyboard;
			sourceTree = "<group>";
		};
		9EE1EFFA242F38A20047352B /* LaunchScreen.storyboard */ = {
			isa = PBXVariantGroup;
			children = (
				9EE1EFFB242F38A20047352B /* Base */,
			);
			name = LaunchScreen.storyboard;
			sourceTree = "<group>";
		};
/* End PBXVariantGroup section */

/* Begin XCBuildConfiguration section */
		9E674228243C263D007C17B5 /* Debug */ = {
			isa = XCBuildConfiguration;
			buildSettings = {
				BUNDLE_LOADER = "$(TEST_HOST)";
				CODE_SIGN_STYLE = Automatic;
				DEVELOPMENT_TEAM = 3AKSSC6XQ8;
				INFOPLIST_FILE = "Backend Unit Tests/Info.plist";
				LD_RUNPATH_SEARCH_PATHS = (
					"$(inherited)",
					"@executable_path/Frameworks",
					"@loader_path/Frameworks",
				);
				PRODUCT_BUNDLE_IDENTIFIER = "com.cs290.Backend-Unit-Tests";
				PRODUCT_NAME = "$(TARGET_NAME)";
				SWIFT_VERSION = 5.0;
				TARGETED_DEVICE_FAMILY = "1,2";
				TEST_HOST = "$(BUILT_PRODUCTS_DIR)/appetit.app/appetit";
			};
			name = Debug;
		};
		9E674229243C263D007C17B5 /* Release */ = {
			isa = XCBuildConfiguration;
			buildSettings = {
				BUNDLE_LOADER = "$(TEST_HOST)";
				CODE_SIGN_STYLE = Automatic;
				DEVELOPMENT_TEAM = 3AKSSC6XQ8;
				INFOPLIST_FILE = "Backend Unit Tests/Info.plist";
				LD_RUNPATH_SEARCH_PATHS = (
					"$(inherited)",
					"@executable_path/Frameworks",
					"@loader_path/Frameworks",
				);
				PRODUCT_BUNDLE_IDENTIFIER = "com.cs290.Backend-Unit-Tests";
				PRODUCT_NAME = "$(TARGET_NAME)";
				SWIFT_VERSION = 5.0;
				TARGETED_DEVICE_FAMILY = "1,2";
				TEST_HOST = "$(BUILT_PRODUCTS_DIR)/appetit.app/appetit";
			};
			name = Release;
		};
		9EE1EFFE242F38A20047352B /* Debug */ = {
			isa = XCBuildConfiguration;
			buildSettings = {
				ALWAYS_SEARCH_USER_PATHS = NO;
				CLANG_ANALYZER_NONNULL = YES;
				CLANG_ANALYZER_NUMBER_OBJECT_CONVERSION = YES_AGGRESSIVE;
				CLANG_CXX_LANGUAGE_STANDARD = "gnu++14";
				CLANG_CXX_LIBRARY = "libc++";
				CLANG_ENABLE_MODULES = YES;
				CLANG_ENABLE_OBJC_ARC = YES;
				CLANG_ENABLE_OBJC_WEAK = YES;
				CLANG_WARN_BLOCK_CAPTURE_AUTORELEASING = YES;
				CLANG_WARN_BOOL_CONVERSION = YES;
				CLANG_WARN_COMMA = YES;
				CLANG_WARN_CONSTANT_CONVERSION = YES;
				CLANG_WARN_DEPRECATED_OBJC_IMPLEMENTATIONS = YES;
				CLANG_WARN_DIRECT_OBJC_ISA_USAGE = YES_ERROR;
				CLANG_WARN_DOCUMENTATION_COMMENTS = YES;
				CLANG_WARN_EMPTY_BODY = YES;
				CLANG_WARN_ENUM_CONVERSION = YES;
				CLANG_WARN_INFINITE_RECURSION = YES;
				CLANG_WARN_INT_CONVERSION = YES;
				CLANG_WARN_NON_LITERAL_NULL_CONVERSION = YES;
				CLANG_WARN_OBJC_IMPLICIT_RETAIN_SELF = YES;
				CLANG_WARN_OBJC_LITERAL_CONVERSION = YES;
				CLANG_WARN_OBJC_ROOT_CLASS = YES_ERROR;
				CLANG_WARN_RANGE_LOOP_ANALYSIS = YES;
				CLANG_WARN_STRICT_PROTOTYPES = YES;
				CLANG_WARN_SUSPICIOUS_MOVE = YES;
				CLANG_WARN_UNGUARDED_AVAILABILITY = YES_AGGRESSIVE;
				CLANG_WARN_UNREACHABLE_CODE = YES;
				CLANG_WARN__DUPLICATE_METHOD_MATCH = YES;
				COPY_PHASE_STRIP = NO;
				DEBUG_INFORMATION_FORMAT = dwarf;
				ENABLE_STRICT_OBJC_MSGSEND = YES;
				ENABLE_TESTABILITY = YES;
				GCC_C_LANGUAGE_STANDARD = gnu11;
				GCC_DYNAMIC_NO_PIC = NO;
				GCC_NO_COMMON_BLOCKS = YES;
				GCC_OPTIMIZATION_LEVEL = 0;
				GCC_PREPROCESSOR_DEFINITIONS = (
					"DEBUG=1",
					"$(inherited)",
				);
				GCC_WARN_64_TO_32_BIT_CONVERSION = YES;
				GCC_WARN_ABOUT_RETURN_TYPE = YES_ERROR;
				GCC_WARN_UNDECLARED_SELECTOR = YES;
				GCC_WARN_UNINITIALIZED_AUTOS = YES_AGGRESSIVE;
				GCC_WARN_UNUSED_FUNCTION = YES;
				GCC_WARN_UNUSED_VARIABLE = YES;
				IPHONEOS_DEPLOYMENT_TARGET = 13.2;
				MTL_ENABLE_DEBUG_INFO = INCLUDE_SOURCE;
				MTL_FAST_MATH = YES;
				ONLY_ACTIVE_ARCH = YES;
				SDKROOT = iphoneos;
				SWIFT_ACTIVE_COMPILATION_CONDITIONS = DEBUG;
				SWIFT_OPTIMIZATION_LEVEL = "-Onone";
			};
			name = Debug;
		};
		9EE1EFFF242F38A20047352B /* Release */ = {
			isa = XCBuildConfiguration;
			buildSettings = {
				ALWAYS_SEARCH_USER_PATHS = NO;
				CLANG_ANALYZER_NONNULL = YES;
				CLANG_ANALYZER_NUMBER_OBJECT_CONVERSION = YES_AGGRESSIVE;
				CLANG_CXX_LANGUAGE_STANDARD = "gnu++14";
				CLANG_CXX_LIBRARY = "libc++";
				CLANG_ENABLE_MODULES = YES;
				CLANG_ENABLE_OBJC_ARC = YES;
				CLANG_ENABLE_OBJC_WEAK = YES;
				CLANG_WARN_BLOCK_CAPTURE_AUTORELEASING = YES;
				CLANG_WARN_BOOL_CONVERSION = YES;
				CLANG_WARN_COMMA = YES;
				CLANG_WARN_CONSTANT_CONVERSION = YES;
				CLANG_WARN_DEPRECATED_OBJC_IMPLEMENTATIONS = YES;
				CLANG_WARN_DIRECT_OBJC_ISA_USAGE = YES_ERROR;
				CLANG_WARN_DOCUMENTATION_COMMENTS = YES;
				CLANG_WARN_EMPTY_BODY = YES;
				CLANG_WARN_ENUM_CONVERSION = YES;
				CLANG_WARN_INFINITE_RECURSION = YES;
				CLANG_WARN_INT_CONVERSION = YES;
				CLANG_WARN_NON_LITERAL_NULL_CONVERSION = YES;
				CLANG_WARN_OBJC_IMPLICIT_RETAIN_SELF = YES;
				CLANG_WARN_OBJC_LITERAL_CONVERSION = YES;
				CLANG_WARN_OBJC_ROOT_CLASS = YES_ERROR;
				CLANG_WARN_RANGE_LOOP_ANALYSIS = YES;
				CLANG_WARN_STRICT_PROTOTYPES = YES;
				CLANG_WARN_SUSPICIOUS_MOVE = YES;
				CLANG_WARN_UNGUARDED_AVAILABILITY = YES_AGGRESSIVE;
				CLANG_WARN_UNREACHABLE_CODE = YES;
				CLANG_WARN__DUPLICATE_METHOD_MATCH = YES;
				COPY_PHASE_STRIP = NO;
				DEBUG_INFORMATION_FORMAT = "dwarf-with-dsym";
				ENABLE_NS_ASSERTIONS = NO;
				ENABLE_STRICT_OBJC_MSGSEND = YES;
				GCC_C_LANGUAGE_STANDARD = gnu11;
				GCC_NO_COMMON_BLOCKS = YES;
				GCC_WARN_64_TO_32_BIT_CONVERSION = YES;
				GCC_WARN_ABOUT_RETURN_TYPE = YES_ERROR;
				GCC_WARN_UNDECLARED_SELECTOR = YES;
				GCC_WARN_UNINITIALIZED_AUTOS = YES_AGGRESSIVE;
				GCC_WARN_UNUSED_FUNCTION = YES;
				GCC_WARN_UNUSED_VARIABLE = YES;
				IPHONEOS_DEPLOYMENT_TARGET = 13.2;
				MTL_ENABLE_DEBUG_INFO = NO;
				MTL_FAST_MATH = YES;
				SDKROOT = iphoneos;
				SWIFT_COMPILATION_MODE = wholemodule;
				SWIFT_OPTIMIZATION_LEVEL = "-O";
				VALIDATE_PRODUCT = YES;
			};
			name = Release;
		};
		9EE1F001242F38A20047352B /* Debug */ = {
			isa = XCBuildConfiguration;
			buildSettings = {
				ASSETCATALOG_COMPILER_APPICON_NAME = AppIcon;
				CODE_SIGN_STYLE = Automatic;
				DEVELOPMENT_TEAM = 3AKSSC6XQ8;
				INFOPLIST_FILE = appetit/Info.plist;
				LD_RUNPATH_SEARCH_PATHS = (
					"$(inherited)",
					"@executable_path/Frameworks",
				);
				PRODUCT_BUNDLE_IDENTIFIER = com.franklin.appetit;
				PRODUCT_NAME = "$(TARGET_NAME)";
				SWIFT_VERSION = 5.0;
				TARGETED_DEVICE_FAMILY = "1,2";
			};
			name = Debug;
		};
		9EE1F002242F38A20047352B /* Release */ = {
			isa = XCBuildConfiguration;
			buildSettings = {
				ASSETCATALOG_COMPILER_APPICON_NAME = AppIcon;
				CODE_SIGN_STYLE = Automatic;
				DEVELOPMENT_TEAM = 3AKSSC6XQ8;
				INFOPLIST_FILE = appetit/Info.plist;
				LD_RUNPATH_SEARCH_PATHS = (
					"$(inherited)",
					"@executable_path/Frameworks",
				);
				PRODUCT_BUNDLE_IDENTIFIER = com.franklin.appetit;
				PRODUCT_NAME = "$(TARGET_NAME)";
				SWIFT_VERSION = 5.0;
				TARGETED_DEVICE_FAMILY = "1,2";
			};
			name = Release;
		};
/* End XCBuildConfiguration section */

/* Begin XCConfigurationList section */
		9E674227243C263D007C17B5 /* Build configuration list for PBXNativeTarget "Backend Unit Tests" */ = {
			isa = XCConfigurationList;
			buildConfigurations = (
				9E674228243C263D007C17B5 /* Debug */,
				9E674229243C263D007C17B5 /* Release */,
			);
			defaultConfigurationIsVisible = 0;
			defaultConfigurationName = Release;
		};
		9EE1EFE7242F389F0047352B /* Build configuration list for PBXProject "appetit" */ = {
			isa = XCConfigurationList;
			buildConfigurations = (
				9EE1EFFE242F38A20047352B /* Debug */,
				9EE1EFFF242F38A20047352B /* Release */,
			);
			defaultConfigurationIsVisible = 0;
			defaultConfigurationName = Release;
		};
		9EE1F000242F38A20047352B /* Build configuration list for PBXNativeTarget "appetit" */ = {
			isa = XCConfigurationList;
			buildConfigurations = (
				9EE1F001242F38A20047352B /* Debug */,
				9EE1F002242F38A20047352B /* Release */,
			);
			defaultConfigurationIsVisible = 0;
			defaultConfigurationName = Release;
		};
/* End XCConfigurationList section */

/* Begin XCVersionGroup section */
		9E6741CA243C0A1C007C17B5 /* appetit.xcdatamodeld */ = {
			isa = XCVersionGroup;
			children = (
				9E6741CB243C0A1C007C17B5 /* appetit.xcdatamodel */,
			);
			currentVersion = 9E6741CB243C0A1C007C17B5 /* appetit.xcdatamodel */;
			path = appetit.xcdatamodeld;
			sourceTree = "<group>";
			versionGroupType = wrapper.xcdatamodel;
		};
/* End XCVersionGroup section */
	};
	rootObject = 9EE1EFE4242F389F0047352B /* Project object */;
}
